
Microsoft Visual Studio Solution File, Format Version 12.00
# Visual Studio 15
VisualStudioVersion = 15.0.27130.2010
MinimumVisualStudioVersion = 10.0.40219.1
Project("{8BC9CEB8-8B4A-11D0-8D11-00A0C91BC942}") = "Replicator", "RepAdmin\RepAdmin.vcxproj", "{D3B030C5-F41D-4C53-A17D-4EAC4F4D4EFE}"
EndProject
Project("{8BC9CEB8-8B4A-11D0-8D11-00A0C91BC942}") = "SQLite", "SQLite\SQLite.vcxproj", "{12F1B320-9889-49D9-B0A2-F75AD4E1EED5}"
EndProject
Project("{8BC9CEB8-8B4A-11D0-8D11-00A0C91BC942}") = "utReplicator", "utReplicator\utReplicator.vcxproj", "{6C7E985C-3F04-4E93-8494-98FC00D979A5}"
EndProject
Project("{8BC9CEB8-8B4A-11D0-8D11-00A0C91BC942}") = "Common", "Common\Common.vcxproj", "{E3ECEE3D-FCE7-4960-B1E1-1B5D77DEB2B9}"
EndProject
Project("{2150E333-8FDC-42A3-9474-1A3956D46DE8}") = "Tests", "Tests", "{1F89B892-966F-403F-A2DB-6CA357C5CE23}"
EndProject
Project("{8BC9CEB8-8B4A-11D0-8D11-00A0C91BC942}") = "RepUITest", "RepUITest\RepUITest.vcxproj", "{E05C86BB-EFBE-4BB9-A277-9DAE142B7841}"
EndProject
Project("{8BC9CEB8-8B4A-11D0-8D11-00A0C91BC942}") = "ReplicatorCHS", "ReplicatorCHS\ReplicatorCHS.vcxproj", "{D9200996-BE16-4A64-8E7E-70D097BCE702}"
EndProject
Project("{2150E333-8FDC-42A3-9474-1A3956D46DE8}") = "Localizations", "Localizations", "{92FE16B9-BA6F-4D3C-9F1A-D16C5ECCC154}"
EndProject
Project("{8BC9CEB8-8B4A-11D0-8D11-00A0C91BC942}") = "ReplicatorCHT", "ReplicatorCHT\ReplicatorCHT.vcxproj", "{653A994A-AE93-4F33-924B-1E0C45C1810C}"
EndProject
Global
	GlobalSection(SolutionConfigurationPlatforms) = preSolution
		Debug|Mixed Platforms = Debug|Mixed Platforms
		Debug|Win32 = Debug|Win32
		Debug|x64 = Debug|x64
		Release|Mixed Platforms = Release|Mixed Platforms
		Release|Win32 = Release|Win32
		Release|x64 = Release|x64
	EndGlobalSection
	GlobalSection(ProjectConfigurationPlatforms) = postSolution
		{D3B030C5-F41D-4C53-A17D-4EAC4F4D4EFE}.Debug|Mixed Platforms.ActiveCfg = Debug|Win32
		{D3B030C5-F41D-4C53-A17D-4EAC4F4D4EFE}.Debug|Mixed Platforms.Build.0 = Debug|Win32
		{D3B030C5-F41D-4C53-A17D-4EAC4F4D4EFE}.Debug|Win32.ActiveCfg = Debug|Win32
		{D3B030C5-F41D-4C53-A17D-4EAC4F4D4EFE}.Debug|Win32.Build.0 = Debug|Win32
		{D3B030C5-F41D-4C53-A17D-4EAC4F4D4EFE}.Debug|x64.ActiveCfg = Debug|x64
		{D3B030C5-F41D-4C53-A17D-4EAC4F4D4EFE}.Debug|x64.Build.0 = Debug|x64
		{D3B030C5-F41D-4C53-A17D-4EAC4F4D4EFE}.Release|Mixed Platforms.ActiveCfg = Release|Win32
		{D3B030C5-F41D-4C53-A17D-4EAC4F4D4EFE}.Release|Mixed Platforms.Build.0 = Release|Win32
		{D3B030C5-F41D-4C53-A17D-4EAC4F4D4EFE}.Release|Win32.ActiveCfg = Release|Win32
		{D3B030C5-F41D-4C53-A17D-4EAC4F4D4EFE}.Release|Win32.Build.0 = Release|Win32
		{D3B030C5-F41D-4C53-A17D-4EAC4F4D4EFE}.Release|x64.ActiveCfg = Release|x64
		{D3B030C5-F41D-4C53-A17D-4EAC4F4D4EFE}.Release|x64.Build.0 = Release|x64
		{12F1B320-9889-49D9-B0A2-F75AD4E1EED5}.Debug|Mixed Platforms.ActiveCfg = Debug|Win32
		{12F1B320-9889-49D9-B0A2-F75AD4E1EED5}.Debug|Mixed Platforms.Build.0 = Debug|Win32
		{12F1B320-9889-49D9-B0A2-F75AD4E1EED5}.Debug|Win32.ActiveCfg = Debug|Win32
		{12F1B320-9889-49D9-B0A2-F75AD4E1EED5}.Debug|Win32.Build.0 = Debug|Win32
		{12F1B320-9889-49D9-B0A2-F75AD4E1EED5}.Debug|x64.ActiveCfg = Debug|x64
		{12F1B320-9889-49D9-B0A2-F75AD4E1EED5}.Debug|x64.Build.0 = Debug|x64
		{12F1B320-9889-49D9-B0A2-F75AD4E1EED5}.Release|Mixed Platforms.ActiveCfg = Release|Win32
		{12F1B320-9889-49D9-B0A2-F75AD4E1EED5}.Release|Mixed Platforms.Build.0 = Release|Win32
		{12F1B320-9889-49D9-B0A2-F75AD4E1EED5}.Release|Win32.ActiveCfg = Release|Win32
		{12F1B320-9889-49D9-B0A2-F75AD4E1EED5}.Release|Win32.Build.0 = Release|Win32
		{12F1B320-9889-49D9-B0A2-F75AD4E1EED5}.Release|x64.ActiveCfg = Release|x64
		{12F1B320-9889-49D9-B0A2-F75AD4E1EED5}.Release|x64.Build.0 = Release|x64
		{6C7E985C-3F04-4E93-8494-98FC00D979A5}.Debug|Mixed Platforms.ActiveCfg = Debug|Win32
		{6C7E985C-3F04-4E93-8494-98FC00D979A5}.Debug|Mixed Platforms.Build.0 = Debug|Win32
		{6C7E985C-3F04-4E93-8494-98FC00D979A5}.Debug|Win32.ActiveCfg = Debug|Win32
		{6C7E985C-3F04-4E93-8494-98FC00D979A5}.Debug|Win32.Build.0 = Debug|Win32
		{6C7E985C-3F04-4E93-8494-98FC00D979A5}.Debug|x64.ActiveCfg = Debug|x64
		{6C7E985C-3F04-4E93-8494-98FC00D979A5}.Debug|x64.Build.0 = Debug|x64
		{6C7E985C-3F04-4E93-8494-98FC00D979A5}.Release|Mixed Platforms.ActiveCfg = Release|Win32
		{6C7E985C-3F04-4E93-8494-98FC00D979A5}.Release|Mixed Platforms.Build.0 = Release|Win32
		{6C7E985C-3F04-4E93-8494-98FC00D979A5}.Release|Win32.ActiveCfg = Release|Win32
		{6C7E985C-3F04-4E93-8494-98FC00D979A5}.Release|Win32.Build.0 = Release|Win32
		{6C7E985C-3F04-4E93-8494-98FC00D979A5}.Release|x64.ActiveCfg = Release|x64
		{6C7E985C-3F04-4E93-8494-98FC00D979A5}.Release|x64.Build.0 = Release|x64
		{E3ECEE3D-FCE7-4960-B1E1-1B5D77DEB2B9}.Debug|Mixed Platforms.ActiveCfg = Debug|Win32
		{E3ECEE3D-FCE7-4960-B1E1-1B5D77DEB2B9}.Debug|Mixed Platforms.Build.0 = Debug|Win32
		{E3ECEE3D-FCE7-4960-B1E1-1B5D77DEB2B9}.Debug|Win32.ActiveCfg = Debug|Win32
		{E3ECEE3D-FCE7-4960-B1E1-1B5D77DEB2B9}.Debug|Win32.Build.0 = Debug|Win32
		{E3ECEE3D-FCE7-4960-B1E1-1B5D77DEB2B9}.Debug|x64.ActiveCfg = Debug|x64
		{E3ECEE3D-FCE7-4960-B1E1-1B5D77DEB2B9}.Debug|x64.Build.0 = Debug|x64
		{E3ECEE3D-FCE7-4960-B1E1-1B5D77DEB2B9}.Release|Mixed Platforms.ActiveCfg = Release|Win32
		{E3ECEE3D-FCE7-4960-B1E1-1B5D77DEB2B9}.Release|Mixed Platforms.Build.0 = Release|Win32
		{E3ECEE3D-FCE7-4960-B1E1-1B5D77DEB2B9}.Release|Win32.ActiveCfg = Release|Win32
		{E3ECEE3D-FCE7-4960-B1E1-1B5D77DEB2B9}.Release|Win32.Build.0 = Release|Win32
		{E3ECEE3D-FCE7-4960-B1E1-1B5D77DEB2B9}.Release|x64.ActiveCfg = Release|x64
		{E3ECEE3D-FCE7-4960-B1E1-1B5D77DEB2B9}.Release|x64.Build.0 = Release|x64
		{E05C86BB-EFBE-4BB9-A277-9DAE142B7841}.Debug|Mixed Platforms.ActiveCfg = Debug|Win32
		{E05C86BB-EFBE-4BB9-A277-9DAE142B7841}.Debug|Mixed Platforms.Build.0 = Debug|Win32
		{E05C86BB-EFBE-4BB9-A277-9DAE142B7841}.Debug|Win32.ActiveCfg = Debug|Win32
		{E05C86BB-EFBE-4BB9-A277-9DAE142B7841}.Debug|Win32.Build.0 = Debug|Win32
		{E05C86BB-EFBE-4BB9-A277-9DAE142B7841}.Debug|x64.ActiveCfg = Debug|x64
		{E05C86BB-EFBE-4BB9-A277-9DAE142B7841}.Debug|x64.Build.0 = Debug|x64
		{E05C86BB-EFBE-4BB9-A277-9DAE142B7841}.Release|Mixed Platforms.ActiveCfg = Release|Win32
		{E05C86BB-EFBE-4BB9-A277-9DAE142B7841}.Release|Mixed Platforms.Build.0 = Release|Win32
		{E05C86BB-EFBE-4BB9-A277-9DAE142B7841}.Release|Win32.ActiveCfg = Release|Win32
		{E05C86BB-EFBE-4BB9-A277-9DAE142B7841}.Release|Win32.Build.0 = Release|Win32
		{E05C86BB-EFBE-4BB9-A277-9DAE142B7841}.Release|x64.ActiveCfg = Release|x64
		{E05C86BB-EFBE-4BB9-A277-9DAE142B7841}.Release|x64.Build.0 = Release|x64
		{D9200996-BE16-4A64-8E7E-70D097BCE702}.Debug|Mixed Platforms.ActiveCfg = Debug|Win32
		{D9200996-BE16-4A64-8E7E-70D097BCE702}.Debug|Mixed Platforms.Build.0 = Debug|Win32
		{D9200996-BE16-4A64-8E7E-70D097BCE702}.Debug|Win32.ActiveCfg = Debug|Win32
		{D9200996-BE16-4A64-8E7E-70D097BCE702}.Debug|Win32.Build.0 = Debug|Win32
		{D9200996-BE16-4A64-8E7E-70D097BCE702}.Debug|x64.ActiveCfg = Debug|x64
		{D9200996-BE16-4A64-8E7E-70D097BCE702}.Debug|x64.Build.0 = Debug|x64
		{D9200996-BE16-4A64-8E7E-70D097BCE702}.Release|Mixed Platforms.ActiveCfg = Release|Win32
		{D9200996-BE16-4A64-8E7E-70D097BCE702}.Release|Mixed Platforms.Build.0 = Release|Win32
		{D9200996-BE16-4A64-8E7E-70D097BCE702}.Release|Win32.ActiveCfg = Release|Win32
		{D9200996-BE16-4A64-8E7E-70D097BCE702}.Release|Win32.Build.0 = Release|Win32
		{D9200996-BE16-4A64-8E7E-70D097BCE702}.Release|x64.ActiveCfg = Release|x64
		{D9200996-BE16-4A64-8E7E-70D097BCE702}.Release|x64.Build.0 = Release|x64
		{653A994A-AE93-4F33-924B-1E0C45C1810C}.Debug|Mixed Platforms.ActiveCfg = Debug|Win32
		{653A994A-AE93-4F33-924B-1E0C45C1810C}.Debug|Mixed Platforms.Build.0 = Debug|Win32
		{653A994A-AE93-4F33-924B-1E0C45C1810C}.Debug|Win32.ActiveCfg = Debug|Win32
		{653A994A-AE93-4F33-924B-1E0C45C1810C}.Debug|Win32.Build.0 = Debug|Win32
		{653A994A-AE93-4F33-924B-1E0C45C1810C}.Debug|x64.ActiveCfg = Debug|x64
		{653A994A-AE93-4F33-924B-1E0C45C1810C}.Debug|x64.Build.0 = Debug|x64
		{653A994A-AE93-4F33-924B-1E0C45C1810C}.Release|Mixed Platforms.ActiveCfg = Release|Win32
		{653A994A-AE93-4F33-924B-1E0C45C1810C}.Release|Mixed Platforms.Build.0 = Release|Win32
		{653A994A-AE93-4F33-924B-1E0C45C1810C}.Release|Win32.ActiveCfg = Release|Win32
		{653A994A-AE93-4F33-924B-1E0C45C1810C}.Release|Win32.Build.0 = Release|Win32
		{653A994A-AE93-4F33-924B-1E0C45C1810C}.Release|x64.ActiveCfg = Release|x64
		{653A994A-AE93-4F33-924B-1E0C45C1810C}.Release|x64.Build.0 = Release|x64
	EndGlobalSection
	GlobalSection(SolutionProperties) = preSolution
		HideSolutionNode = FALSE
	EndGlobalSection
	GlobalSection(NestedProjects) = preSolution
		{6C7E985C-3F04-4E93-8494-98FC00D979A5} = {1F89B892-966F-403F-A2DB-6CA357C5CE23}
		{E05C86BB-EFBE-4BB9-A277-9DAE142B7841} = {1F89B892-966F-403F-A2DB-6CA357C5CE23}
		{D9200996-BE16-4A64-8E7E-70D097BCE702} = {92FE16B9-BA6F-4D3C-9F1A-D16C5ECCC154}
		{653A994A-AE93-4F33-924B-1E0C45C1810C} = {92FE16B9-BA6F-4D3C-9F1A-D16C5ECCC154}
	EndGlobalSection
	GlobalSection(ExtensibilityGlobals) = postSolution
		SolutionGuid = {428BAA26-D6B2-402B-94B8-7F98496C948F}
	EndGlobalSection
EndGlobal
