<?xml version="1.0" encoding="utf-8"?>
<Project ToolsVersion="4.0" xmlns="http://schemas.microsoft.com/developer/msbuild/2003">
  <ItemGroup>
    <Filter Include="Source Files">
      <UniqueIdentifier>{4FC737F1-C7A5-4376-A066-2A32D752A2FF}</UniqueIdentifier>
      <Extensions>cpp;c;cc;cxx;def;odl;idl;hpj;bat;asm;asmx</Extensions>
    </Filter>
    <Filter Include="Header Files">
      <UniqueIdentifier>{93995380-89BD-4b04-88EB-625FBE52EBFB}</UniqueIdentifier>
      <Extensions>h;hh;hpp;hxx;hm;inl;inc;xsd</Extensions>
    </Filter>
    <Filter Include="Resource Files">
      <UniqueIdentifier>{67DA6AB6-F800-4c08-8B7A-83BB121AAD01}</UniqueIdentifier>
      <Extensions>rc;ico;cur;bmp;dlg;rc2;rct;bin;rgs;gif;jpg;jpeg;jpe;resx;tiff;tif;png;wav;mfcribbon-ms</Extensions>
    </Filter>
  </ItemGroup>
  <ItemGroup>
    <ClInclude Include="stdafx.h">
      <Filter>Header Files</Filter>
    </ClInclude>
    <ClInclude Include="targetver.h">
      <Filter>Header Files</Filter>
    </ClInclude>
    <ClInclude Include="Database.h">
      <Filter>Header Files</Filter>
    </ClInclude>
    <ClInclude Include="DBDef.h">
      <Filter>Header Files</Filter>
    </ClInclude>
    <ClInclude Include="Property.h">
      <Filter>Header Files</Filter>
    </ClInclude>
    <ClInclude Include="Recordset.h">
      <Filter>Header Files</Filter>
    </ClInclude>
    <ClInclude Include="SQLiteDef.h">
      <Filter>Header Files</Filter>
    </ClInclude>
    <ClInclude Include="Statement.h">
      <Filter>Header Files</Filter>
    </ClInclude>
    <ClInclude Include="StringT.h">
      <Filter>Header Files</Filter>
    </ClInclude>
    <ClInclude Include="Table.h">
      <Filter>Header Files</Filter>
    </ClInclude>
    <ClInclude Include="..\SQLite\sqlite3.h">
      <Filter>Header Files</Filter>
    </ClInclude>
    <ClInclude Include="TaskRecord.h">
      <Filter>Header Files</Filter>
    </ClInclude>
    <ClInclude Include="util.h">
      <Filter>Header Files</Filter>
    </ClInclude>
    <ClInclude Include="Log.h">
      <Filter>Header Files</Filter>
    </ClInclude>
    <ClInclude Include="GlobDef.h">
      <Filter>Header Files</Filter>
    </ClInclude>
    <ClInclude Include="DatePathFormatter.h">
      <Filter>Header Files</Filter>
    </ClInclude>
    <ClInclude Include="MD5Hash.h">
      <Filter>Header Files</Filter>
    </ClInclude>
    <ClInclude Include="ComInterface.h">
      <Filter>Header Files</Filter>
    </ClInclude>
    <ClInclude Include="ComMemObj.h">
      <Filter>Header Files</Filter>
    </ClInclude>
    <ClInclude Include="ShellFolder.h">
      <Filter>Header Files</Filter>
    </ClInclude>
    <ClInclude Include="FileTime.h">
      <Filter>Header Files</Filter>
    </ClInclude>
    <ClInclude Include="WinFile.h">
      <Filter>Header Files</Filter>
    </ClInclude>
    <ClInclude Include="WPDPortableDevice.h">
      <Filter>Header Files</Filter>
    </ClInclude>
    <ClInclude Include="WPDPortableDeviceContent.h">
      <Filter>Header Files</Filter>
    </ClInclude>
    <ClInclude Include="WPDPortableDeviceManager.h">
      <Filter>Header Files</Filter>
    </ClInclude>
    <ClInclude Include="WPDPortableDeviceProperties.h">
      <Filter>Header Files</Filter>
    </ClInclude>
    <ClInclude Include="WPDDefinitions.h">
      <Filter>Header Files</Filter>
    </ClInclude>
    <ClInclude Include="WPDUtils.h">
      <Filter>Header Files</Filter>
    </ClInclude>
    <ClInclude Include="ExceptionString.h">
      <Filter>Header Files</Filter>
    </ClInclude>
  </ItemGroup>
  <ItemGroup>
    <ClCompile Include="stdafx.cpp">
      <Filter>Source Files</Filter>
    </ClCompile>
    <ClCompile Include="Database.cpp">
      <Filter>Source Files</Filter>
    </ClCompile>
    <ClCompile Include="Property.cpp">
      <Filter>Source Files</Filter>
    </ClCompile>
    <ClCompile Include="Recordset.cpp">
      <Filter>Source Files</Filter>
    </ClCompile>
    <ClCompile Include="Statement.cpp">
      <Filter>Source Files</Filter>
    </ClCompile>
    <ClCompile Include="StringT.cpp">
      <Filter>Source Files</Filter>
    </ClCompile>
    <ClCompile Include="Table.cpp">
      <Filter>Source Files</Filter>
    </ClCompile>
    <ClCompile Include="..\SQLite\sqlite3.c">
      <Filter>Source Files</Filter>
    </ClCompile>
    <ClCompile Include="TaskRecord.cpp">
      <Filter>Source Files</Filter>
    </ClCompile>
    <ClCompile Include="util.cpp">
      <Filter>Source Files</Filter>
    </ClCompile>
    <ClCompile Include="Log.cpp">
      <Filter>Source Files</Filter>
    </ClCompile>
    <ClCompile Include="DatePathFormatter.cpp">
      <Filter>Source Files</Filter>
    </ClCompile>
    <ClCompile Include="MD5Hash.cpp">
      <Filter>Source Files</Filter>
    </ClCompile>
    <ClCompile Include="ComInterface.cpp">
      <Filter>Source Files</Filter>
    </ClCompile>
    <ClCompile Include="ShellFolder.cpp">
      <Filter>Source Files</Filter>
    </ClCompile>
    <ClCompile Include="FileTime.cpp">
      <Filter>Source Files</Filter>
    </ClCompile>
    <ClCompile Include="WinFile.cpp">
      <Filter>Source Files</Filter>
    </ClCompile>
    <ClCompile Include="WPDPortableDevice.cpp">
      <Filter>Source Files</Filter>
    </ClCompile>
    <ClCompile Include="WPDPortableDeviceManager.cpp">
      <Filter>Source Files</Filter>
    </ClCompile>
    <ClCompile Include="WPDPortableDeviceProperties.cpp">
      <Filter>Source Files</Filter>
    </ClCompile>
    <ClCompile Include="WPDPortableDeviceContent.cpp">
      <Filter>Source Files</Filter>
    </ClCompile>
    <ClCompile Include="WPDDefinitions.cpp">
      <Filter>Source Files</Filter>
    </ClCompile>
    <ClCompile Include="WPDUtils.cpp">
      <Filter>Source Files</Filter>
    </ClCompile>
  </ItemGroup>
</Project>